// !$*UTF8*$!
{
	archiveVersion = 1;
	classes = {
	};
	objectVersion = 48;
	objects = {

/* Begin PBXBuildFile section */
		401E86EB251A737A00BD0BCC /* AppDelegate.swift in Sources */ = {isa = PBXBuildFile; fileRef = 401E86EA251A737A00BD0BCC /* AppDelegate.swift */; };
		401E86F0251A737A00BD0BCC /* Main.storyboard in Resources */ = {isa = PBXBuildFile; fileRef = 401E86EE251A737A00BD0BCC /* Main.storyboard */; };
		401E86F2251A737A00BD0BCC /* Assets.xcassets in Resources */ = {isa = PBXBuildFile; fileRef = 401E86F1251A737A00BD0BCC /* Assets.xcassets */; };
		401E86F5251A737A00BD0BCC /* LaunchScreen.storyboard in Resources */ = {isa = PBXBuildFile; fileRef = 401E86F3251A737A00BD0BCC /* LaunchScreen.storyboard */; };
		401E8700251A737B00BD0BCC /* FlixTests.swift in Sources */ = {isa = PBXBuildFile; fileRef = 401E86FF251A737B00BD0BCC /* FlixTests.swift */; };
		401E870B251A737B00BD0BCC /* FlixUITests.swift in Sources */ = {isa = PBXBuildFile; fileRef = 401E870A251A737B00BD0BCC /* FlixUITests.swift */; };
		401E8719251A73F300BD0BCC /* MoviesViewController.swift in Sources */ = {isa = PBXBuildFile; fileRef = 401E8718251A73F300BD0BCC /* MoviesViewController.swift */; };
		401E871B251A7F5B00BD0BCC /* MovieCell.swift in Sources */ = {isa = PBXBuildFile; fileRef = 401E871A251A7F5B00BD0BCC /* MovieCell.swift */; };
		8AA02DAC4B5C47E133CCAA47 /* Pods_Flix.framework in Frameworks */ = {isa = PBXBuildFile; fileRef = FFC6ABD21C4FDCE803A45FBA /* Pods_Flix.framework */; };
		C5B5E842C29F3C2126AE228D /* Pods_FlixTests.framework in Frameworks */ = {isa = PBXBuildFile; fileRef = B18134BA189B5D198A616544 /* Pods_FlixTests.framework */; };
		E0B6F46DFE0642EBD0054814 /* Pods_Flix_FlixUITests.framework in Frameworks */ = {isa = PBXBuildFile; fileRef = 4B5BAF48392FAFC0B18B62C9 /* Pods_Flix_FlixUITests.framework */; };
/* End PBXBuildFile section */

/* Begin PBXContainerItemProxy section */
		401E86FC251A737B00BD0BCC /* PBXContainerItemProxy */ = {
			isa = PBXContainerItemProxy;
			containerPortal = 401E86DF251A737900BD0BCC /* Project object */;
			proxyType = 1;
			remoteGlobalIDString = 401E86E6251A737A00BD0BCC;
			remoteInfo = Flix;
		};
		401E8707251A737B00BD0BCC /* PBXContainerItemProxy */ = {
			isa = PBXContainerItemProxy;
			containerPortal = 401E86DF251A737900BD0BCC /* Project object */;
			proxyType = 1;
			remoteGlobalIDString = 401E86E6251A737A00BD0BCC;
			remoteInfo = Flix;
		};
/* End PBXContainerItemProxy section */

/* Begin PBXFileReference section */
		1DF344977DE3B95C257E2280 /* Pods-FlixTests.release.xcconfig */ = {isa = PBXFileReference; includeInIndex = 1; lastKnownFileType = text.xcconfig; name = "Pods-FlixTests.release.xcconfig"; path = "Target Support Files/Pods-FlixTests/Pods-FlixTests.release.xcconfig"; sourceTree = "<group>"; };
		2DF2A03BAC0840134560FB64 /* Pods-Flix.debug.xcconfig */ = {isa = PBXFileReference; includeInIndex = 1; lastKnownFileType = text.xcconfig; name = "Pods-Flix.debug.xcconfig"; path = "Target Support Files/Pods-Flix/Pods-Flix.debug.xcconfig"; sourceTree = "<group>"; };
		401E86E7251A737A00BD0BCC /* Flix.app */ = {isa = PBXFileReference; explicitFileType = wrapper.application; includeInIndex = 0; path = Flix.app; sourceTree = BUILT_PRODUCTS_DIR; };
		401E86EA251A737A00BD0BCC /* AppDelegate.swift */ = {isa = PBXFileReference; lastKnownFileType = sourcecode.swift; path = AppDelegate.swift; sourceTree = "<group>"; };
		401E86EF251A737A00BD0BCC /* Base */ = {isa = PBXFileReference; lastKnownFileType = file.storyboard; name = Base; path = Base.lproj/Main.storyboard; sourceTree = "<group>"; };
		401E86F1251A737A00BD0BCC /* Assets.xcassets */ = {isa = PBXFileReference; lastKnownFileType = folder.assetcatalog; path = Assets.xcassets; sourceTree = "<group>"; };
		401E86F4251A737A00BD0BCC /* Base */ = {isa = PBXFileReference; lastKnownFileType = file.storyboard; name = Base; path = Base.lproj/LaunchScreen.storyboard; sourceTree = "<group>"; };
		401E86F6251A737A00BD0BCC /* Info.plist */ = {isa = PBXFileReference; lastKnownFileType = text.plist.xml; path = Info.plist; sourceTree = "<group>"; };
		401E86FB251A737B00BD0BCC /* FlixTests.xctest */ = {isa = PBXFileReference; explicitFileType = wrapper.cfbundle; includeInIndex = 0; path = FlixTests.xctest; sourceTree = BUILT_PRODUCTS_DIR; };
		401E86FF251A737B00BD0BCC /* FlixTests.swift */ = {isa = PBXFileReference; lastKnownFileType = sourcecode.swift; path = FlixTests.swift; sourceTree = "<group>"; };
		401E8701251A737B00BD0BCC /* Info.plist */ = {isa = PBXFileReference; lastKnownFileType = text.plist.xml; path = Info.plist; sourceTree = "<group>"; };
		401E8706251A737B00BD0BCC /* FlixUITests.xctest */ = {isa = PBXFileReference; explicitFileType = wrapper.cfbundle; includeInIndex = 0; path = FlixUITests.xctest; sourceTree = BUILT_PRODUCTS_DIR; };
		401E870A251A737B00BD0BCC /* FlixUITests.swift */ = {isa = PBXFileReference; lastKnownFileType = sourcecode.swift; path = FlixUITests.swift; sourceTree = "<group>"; };
		401E870C251A737B00BD0BCC /* Info.plist */ = {isa = PBXFileReference; lastKnownFileType = text.plist.xml; path = Info.plist; sourceTree = "<group>"; };
		401E8718251A73F300BD0BCC /* MoviesViewController.swift */ = {isa = PBXFileReference; lastKnownFileType = sourcecode.swift; path = MoviesViewController.swift; sourceTree = "<group>"; };
		401E871A251A7F5B00BD0BCC /* MovieCell.swift */ = {isa = PBXFileReference; lastKnownFileType = sourcecode.swift; path = MovieCell.swift; sourceTree = "<group>"; };
		4B5BAF48392FAFC0B18B62C9 /* Pods_Flix_FlixUITests.framework */ = {isa = PBXFileReference; explicitFileType = wrapper.framework; includeInIndex = 0; path = Pods_Flix_FlixUITests.framework; sourceTree = BUILT_PRODUCTS_DIR; };
		50BAA015978CED2C399B51C2 /* Pods-Flix.release.xcconfig */ = {isa = PBXFileReference; includeInIndex = 1; lastKnownFileType = text.xcconfig; name = "Pods-Flix.release.xcconfig"; path = "Target Support Files/Pods-Flix/Pods-Flix.release.xcconfig"; sourceTree = "<group>"; };
		5B0327E8753FEC65E8EB0C82 /* Pods-Flix-FlixUITests.debug.xcconfig */ = {isa = PBXFileReference; includeInIndex = 1; lastKnownFileType = text.xcconfig; name = "Pods-Flix-FlixUITests.debug.xcconfig"; path = "Target Support Files/Pods-Flix-FlixUITests/Pods-Flix-FlixUITests.debug.xcconfig"; sourceTree = "<group>"; };
		A724C73A4EAB032C4E2424A5 /* Pods-FlixTests.debug.xcconfig */ = {isa = PBXFileReference; includeInIndex = 1; lastKnownFileType = text.xcconfig; name = "Pods-FlixTests.debug.xcconfig"; path = "Target Support Files/Pods-FlixTests/Pods-FlixTests.debug.xcconfig"; sourceTree = "<group>"; };
		B18134BA189B5D198A616544 /* Pods_FlixTests.framework */ = {isa = PBXFileReference; explicitFileType = wrapper.framework; includeInIndex = 0; path = Pods_FlixTests.framework; sourceTree = BUILT_PRODUCTS_DIR; };
		BB4F5DD1C5962D69C6B3D23D /* Pods-Flix-FlixUITests.release.xcconfig */ = {isa = PBXFileReference; includeInIndex = 1; lastKnownFileType = text.xcconfig; name = "Pods-Flix-FlixUITests.release.xcconfig"; path = "Target Support Files/Pods-Flix-FlixUITests/Pods-Flix-FlixUITests.release.xcconfig"; sourceTree = "<group>"; };
		FFC6ABD21C4FDCE803A45FBA /* Pods_Flix.framework */ = {isa = PBXFileReference; explicitFileType = wrapper.framework; includeInIndex = 0; path = Pods_Flix.framework; sourceTree = BUILT_PRODUCTS_DIR; };
/* End PBXFileReference section */

/* Begin PBXFrameworksBuildPhase section */
		401E86E4251A737A00BD0BCC /* Frameworks */ = {
			isa = PBXFrameworksBuildPhase;
			buildActionMask = 2147483647;
			files = (
				8AA02DAC4B5C47E133CCAA47 /* Pods_Flix.framework in Frameworks */,
			);
			runOnlyForDeploymentPostprocessing = 0;
		};
		401E86F8251A737B00BD0BCC /* Frameworks */ = {
			isa = PBXFrameworksBuildPhase;
			buildActionMask = 2147483647;
			files = (
				C5B5E842C29F3C2126AE228D /* Pods_FlixTests.framework in Frameworks */,
			);
			runOnlyForDeploymentPostprocessing = 0;
		};
		401E8703251A737B00BD0BCC /* Frameworks */ = {
			isa = PBXFrameworksBuildPhase;
			buildActionMask = 2147483647;
			files = (
				E0B6F46DFE0642EBD0054814 /* Pods_Flix_FlixUITests.framework in Frameworks */,
			);
			runOnlyForDeploymentPostprocessing = 0;
		};
/* End PBXFrameworksBuildPhase section */

/* Begin PBXGroup section */
		401E86DE251A737900BD0BCC = {
			isa = PBXGroup;
			children = (
				401E86E9251A737A00BD0BCC /* Flix */,
				401E86FE251A737B00BD0BCC /* FlixTests */,
				401E8709251A737B00BD0BCC /* FlixUITests */,
				401E86E8251A737A00BD0BCC /* Products */,
				84C17D9214A054BD2F7A0C29 /* Pods */,
				96DC5C115FF936FA988F0B92 /* Frameworks */,
			);
			sourceTree = "<group>";
		};
		401E86E8251A737A00BD0BCC /* Products */ = {
			isa = PBXGroup;
			children = (
				401E86E7251A737A00BD0BCC /* Flix.app */,
				401E86FB251A737B00BD0BCC /* FlixTests.xctest */,
				401E8706251A737B00BD0BCC /* FlixUITests.xctest */,
			);
			name = Products;
			sourceTree = "<group>";
		};
		401E86E9251A737A00BD0BCC /* Flix */ = {
			isa = PBXGroup;
			children = (
				401E86EA251A737A00BD0BCC /* AppDelegate.swift */,
				401E86EE251A737A00BD0BCC /* Main.storyboard */,
				401E86F1251A737A00BD0BCC /* Assets.xcassets */,
				401E86F3251A737A00BD0BCC /* LaunchScreen.storyboard */,
				401E86F6251A737A00BD0BCC /* Info.plist */,
				401E8718251A73F300BD0BCC /* MoviesViewController.swift */,
				401E871A251A7F5B00BD0BCC /* MovieCell.swift */,
			);
			path = Flix;
			sourceTree = "<group>";
		};
		401E86FE251A737B00BD0BCC /* FlixTests */ = {
			isa = PBXGroup;
			children = (
				401E86FF251A737B00BD0BCC /* FlixTests.swift */,
				401E8701251A737B00BD0BCC /* Info.plist */,
			);
			path = FlixTests;
			sourceTree = "<group>";
		};
		401E8709251A737B00BD0BCC /* FlixUITests */ = {
			isa = PBXGroup;
			children = (
				401E870A251A737B00BD0BCC /* FlixUITests.swift */,
				401E870C251A737B00BD0BCC /* Info.plist */,
			);
			path = FlixUITests;
			sourceTree = "<group>";
		};
		84C17D9214A054BD2F7A0C29 /* Pods */ = {
			isa = PBXGroup;
			children = (
				2DF2A03BAC0840134560FB64 /* Pods-Flix.debug.xcconfig */,
				50BAA015978CED2C399B51C2 /* Pods-Flix.release.xcconfig */,
				5B0327E8753FEC65E8EB0C82 /* Pods-Flix-FlixUITests.debug.xcconfig */,
				BB4F5DD1C5962D69C6B3D23D /* Pods-Flix-FlixUITests.release.xcconfig */,
				A724C73A4EAB032C4E2424A5 /* Pods-FlixTests.debug.xcconfig */,
				1DF344977DE3B95C257E2280 /* Pods-FlixTests.release.xcconfig */,
			);
			path = Pods;
			sourceTree = "<group>";
		};
		96DC5C115FF936FA988F0B92 /* Frameworks */ = {
			isa = PBXGroup;
			children = (
				FFC6ABD21C4FDCE803A45FBA /* Pods_Flix.framework */,
				4B5BAF48392FAFC0B18B62C9 /* Pods_Flix_FlixUITests.framework */,
				B18134BA189B5D198A616544 /* Pods_FlixTests.framework */,
			);
			name = Frameworks;
			sourceTree = "<group>";
		};
/* End PBXGroup section */

/* Begin PBXNativeTarget section */
		401E86E6251A737A00BD0BCC /* Flix */ = {
			isa = PBXNativeTarget;
			buildConfigurationList = 401E870F251A737B00BD0BCC /* Build configuration list for PBXNativeTarget "Flix" */;
			buildPhases = (
				C7CF7216C1AF3D86644A9005 /* [CP] Check Pods Manifest.lock */,
				401E86E3251A737A00BD0BCC /* Sources */,
				401E86E4251A737A00BD0BCC /* Frameworks */,
				401E86E5251A737A00BD0BCC /* Resources */,
				7EE21C8ED981ED18CE1C4D49 /* [CP] Embed Pods Frameworks */,
			);
			buildRules = (
			);
			dependencies = (
			);
			name = Flix;
			productName = Flix;
			productReference = 401E86E7251A737A00BD0BCC /* Flix.app */;
			productType = "com.apple.product-type.application";
		};
		401E86FA251A737B00BD0BCC /* FlixTests */ = {
			isa = PBXNativeTarget;
			buildConfigurationList = 401E8712251A737B00BD0BCC /* Build configuration list for PBXNativeTarget "FlixTests" */;
			buildPhases = (
				E4DE2EDEB0D3B25D7436AB3F /* [CP] Check Pods Manifest.lock */,
				401E86F7251A737B00BD0BCC /* Sources */,
				401E86F8251A737B00BD0BCC /* Frameworks */,
				401E86F9251A737B00BD0BCC /* Resources */,
			);
			buildRules = (
			);
			dependencies = (
				401E86FD251A737B00BD0BCC /* PBXTargetDependency */,
			);
			name = FlixTests;
			productName = FlixTests;
			productReference = 401E86FB251A737B00BD0BCC /* FlixTests.xctest */;
			productType = "com.apple.product-type.bundle.unit-test";
		};
		401E8705251A737B00BD0BCC /* FlixUITests */ = {
			isa = PBXNativeTarget;
			buildConfigurationList = 401E8715251A737B00BD0BCC /* Build configuration list for PBXNativeTarget "FlixUITests" */;
			buildPhases = (
				B47238736E87B89722E32DD8 /* [CP] Check Pods Manifest.lock */,
				401E8702251A737B00BD0BCC /* Sources */,
				401E8703251A737B00BD0BCC /* Frameworks */,
				401E8704251A737B00BD0BCC /* Resources */,
				101B144D27FA6A8D9E5A21A4 /* [CP] Embed Pods Frameworks */,
			);
			buildRules = (
			);
			dependencies = (
				401E8708251A737B00BD0BCC /* PBXTargetDependency */,
			);
			name = FlixUITests;
			productName = FlixUITests;
			productReference = 401E8706251A737B00BD0BCC /* FlixUITests.xctest */;
			productType = "com.apple.product-type.bundle.ui-testing";
		};
/* End PBXNativeTarget section */

/* Begin PBXProject section */
		401E86DF251A737900BD0BCC /* Project object */ = {
			isa = PBXProject;
			attributes = {
				LastSwiftUpdateCheck = 0920;
				LastUpgradeCheck = 0920;
				ORGANIZATIONNAME = "Nick N";
				TargetAttributes = {
					401E86E6251A737A00BD0BCC = {
						CreatedOnToolsVersion = 9.2;
						ProvisioningStyle = Automatic;
					};
					401E86FA251A737B00BD0BCC = {
						CreatedOnToolsVersion = 9.2;
						ProvisioningStyle = Automatic;
						TestTargetID = 401E86E6251A737A00BD0BCC;
					};
					401E8705251A737B00BD0BCC = {
						CreatedOnToolsVersion = 9.2;
						ProvisioningStyle = Automatic;
						TestTargetID = 401E86E6251A737A00BD0BCC;
					};
				};
			};
			buildConfigurationList = 401E86E2251A737900BD0BCC /* Build configuration list for PBXProject "Flix" */;
			compatibilityVersion = "Xcode 8.0";
			developmentRegion = en;
			hasScannedForEncodings = 0;
			knownRegions = (
				en,
				Base,
			);
			mainGroup = 401E86DE251A737900BD0BCC;
			productRefGroup = 401E86E8251A737A00BD0BCC /* Products */;
			projectDirPath = "";
			projectRoot = "";
			targets = (
				401E86E6251A737A00BD0BCC /* Flix */,
				401E86FA251A737B00BD0BCC /* FlixTests */,
				401E8705251A737B00BD0BCC /* FlixUITests */,
			);
		};
/* End PBXProject section */

/* Begin PBXResourcesBuildPhase section */
		401E86E5251A737A00BD0BCC /* Resources */ = {
			isa = PBXResourcesBuildPhase;
			buildActionMask = 2147483647;
			files = (
				401E86F5251A737A00BD0BCC /* LaunchScreen.storyboard in Resources */,
				401E86F2251A737A00BD0BCC /* Assets.xcassets in Resources */,
				401E86F0251A737A00BD0BCC /* Main.storyboard in Resources */,
			);
			runOnlyForDeploymentPostprocessing = 0;
		};
		401E86F9251A737B00BD0BCC /* Resources */ = {
			isa = PBXResourcesBuildPhase;
			buildActionMask = 2147483647;
			files = (
			);
			runOnlyForDeploymentPostprocessing = 0;
		};
		401E8704251A737B00BD0BCC /* Resources */ = {
			isa = PBXResourcesBuildPhase;
			buildActionMask = 2147483647;
			files = (
			);
			runOnlyForDeploymentPostprocessing = 0;
		};
/* End PBXResourcesBuildPhase section */

/* Begin PBXShellScriptBuildPhase section */
		101B144D27FA6A8D9E5A21A4 /* [CP] Embed Pods Frameworks */ = {
			isa = PBXShellScriptBuildPhase;
			buildActionMask = 2147483647;
			files = (
			);
			inputPaths = (
				"${PODS_ROOT}/Target Support Files/Pods-Flix-FlixUITests/Pods-Flix-FlixUITests-frameworks.sh",
				"${BUILT_PRODUCTS_DIR}/Alamofire/Alamofire.framework",
				"${BUILT_PRODUCTS_DIR}/AlamofireImage/AlamofireImage.framework",
			);
			name = "[CP] Embed Pods Frameworks";
			outputPaths = (
				"${TARGET_BUILD_DIR}/${FRAMEWORKS_FOLDER_PATH}/Alamofire.framework",
				"${TARGET_BUILD_DIR}/${FRAMEWORKS_FOLDER_PATH}/AlamofireImage.framework",
			);
			runOnlyForDeploymentPostprocessing = 0;
			shellPath = /bin/sh;
			shellScript = "\"${PODS_ROOT}/Target Support Files/Pods-Flix-FlixUITests/Pods-Flix-FlixUITests-frameworks.sh\"\n";
			showEnvVarsInLog = 0;
		};
		7EE21C8ED981ED18CE1C4D49 /* [CP] Embed Pods Frameworks */ = {
			isa = PBXShellScriptBuildPhase;
			buildActionMask = 2147483647;
			files = (
			);
			inputPaths = (
				"${PODS_ROOT}/Target Support Files/Pods-Flix/Pods-Flix-frameworks.sh",
				"${BUILT_PRODUCTS_DIR}/Alamofire/Alamofire.framework",
				"${BUILT_PRODUCTS_DIR}/AlamofireImage/AlamofireImage.framework",
			);
			name = "[CP] Embed Pods Frameworks";
			outputPaths = (
				"${TARGET_BUILD_DIR}/${FRAMEWORKS_FOLDER_PATH}/Alamofire.framework",
				"${TARGET_BUILD_DIR}/${FRAMEWORKS_FOLDER_PATH}/AlamofireImage.framework",
			);
			runOnlyForDeploymentPostprocessing = 0;
			shellPath = /bin/sh;
			shellScript = "\"${PODS_ROOT}/Target Support Files/Pods-Flix/Pods-Flix-frameworks.sh\"\n";
			showEnvVarsInLog = 0;
		};
		B47238736E87B89722E32DD8 /* [CP] Check Pods Manifest.lock */ = {
			isa = PBXShellScriptBuildPhase;
			buildActionMask = 2147483647;
			files = (
			);
			inputPaths = (
				"${PODS_PODFILE_DIR_PATH}/Podfile.lock",
				"${PODS_ROOT}/Manifest.lock",
			);
			name = "[CP] Check Pods Manifest.lock";
			outputPaths = (
				"$(DERIVED_FILE_DIR)/Pods-Flix-FlixUITests-checkManifestLockResult.txt",
			);
			runOnlyForDeploymentPostprocessing = 0;
			shellPath = /bin/sh;
			shellScript = "diff \"${PODS_PODFILE_DIR_PATH}/Podfile.lock\" \"${PODS_ROOT}/Manifest.lock\" > /dev/null\nif [ $? != 0 ] ; then\n    # print error to STDERR\n    echo \"error: The sandbox is not in sync with the Podfile.lock. Run 'pod install' or update your CocoaPods installation.\" >&2\n    exit 1\nfi\n# This output is used by Xcode 'outputs' to avoid re-running this script phase.\necho \"SUCCESS\" > \"${SCRIPT_OUTPUT_FILE_0}\"\n";
			showEnvVarsInLog = 0;
		};
		C7CF7216C1AF3D86644A9005 /* [CP] Check Pods Manifest.lock */ = {
			isa = PBXShellScriptBuildPhase;
			buildActionMask = 2147483647;
			files = (
			);
			inputPaths = (
				"${PODS_PODFILE_DIR_PATH}/Podfile.lock",
				"${PODS_ROOT}/Manifest.lock",
			);
			name = "[CP] Check Pods Manifest.lock";
			outputPaths = (
				"$(DERIVED_FILE_DIR)/Pods-Flix-checkManifestLockResult.txt",
			);
			runOnlyForDeploymentPostprocessing = 0;
			shellPath = /bin/sh;
			shellScript = "diff \"${PODS_PODFILE_DIR_PATH}/Podfile.lock\" \"${PODS_ROOT}/Manifest.lock\" > /dev/null\nif [ $? != 0 ] ; then\n    # print error to STDERR\n    echo \"error: The sandbox is not in sync with the Podfile.lock. Run 'pod install' or update your CocoaPods installation.\" >&2\n    exit 1\nfi\n# This output is used by Xcode 'outputs' to avoid re-running this script phase.\necho \"SUCCESS\" > \"${SCRIPT_OUTPUT_FILE_0}\"\n";
			showEnvVarsInLog = 0;
		};
		E4DE2EDEB0D3B25D7436AB3F /* [CP] Check Pods Manifest.lock */ = {
			isa = PBXShellScriptBuildPhase;
			buildActionMask = 2147483647;
			files = (
			);
			inputPaths = (
				"${PODS_PODFILE_DIR_PATH}/Podfile.lock",
				"${PODS_ROOT}/Manifest.lock",
			);
			name = "[CP] Check Pods Manifest.lock";
			outputPaths = (
				"$(DERIVED_FILE_DIR)/Pods-FlixTests-checkManifestLockResult.txt",
			);
			runOnlyForDeploymentPostprocessing = 0;
			shellPath = /bin/sh;
			shellScript = "diff \"${PODS_PODFILE_DIR_PATH}/Podfile.lock\" \"${PODS_ROOT}/Manifest.lock\" > /dev/null\nif [ $? != 0 ] ; then\n    # print error to STDERR\n    echo \"error: The sandbox is not in sync with the Podfile.lock. Run 'pod install' or update your CocoaPods installation.\" >&2\n    exit 1\nfi\n# This output is used by Xcode 'outputs' to avoid re-running this script phase.\necho \"SUCCESS\" > \"${SCRIPT_OUTPUT_FILE_0}\"\n";
			showEnvVarsInLog = 0;
		};
/* End PBXShellScriptBuildPhase section */

/* Begin PBXSourcesBuildPhase section */
		401E86E3251A737A00BD0BCC /* Sources */ = {
			isa = PBXSourcesBuildPhase;
			buildActionMask = 2147483647;
			files = (
				401E86EB251A737A00BD0BCC /* AppDelegate.swift in Sources */,
				401E8719251A73F300BD0BCC /* MoviesViewController.swift in Sources */,
				401E871B251A7F5B00BD0BCC /* MovieCell.swift in Sources */,
			);
			runOnlyForDeploymentPostprocessing = 0;
		};
		401E86F7251A737B00BD0BCC /* Sources */ = {
			isa = PBXSourcesBuildPhase;
			buildActionMask = 2147483647;
			files = (
				401E8700251A737B00BD0BCC /* FlixTests.swift in Sources */,
			);
			runOnlyForDeploymentPostprocessing = 0;
		};
		401E8702251A737B00BD0BCC /* Sources */ = {
			isa = PBXSourcesBuildPhase;
			buildActionMask = 2147483647;
			files = (
				401E870B251A737B00BD0BCC /* FlixUITests.swift in Sources */,
			);
			runOnlyForDeploymentPostprocessing = 0;
		};
/* End PBXSourcesBuildPhase section */

/* Begin PBXTargetDependency section */
		401E86FD251A737B00BD0BCC /* PBXTargetDependency */ = {
			isa = PBXTargetDependency;
			target = 401E86E6251A737A00BD0BCC /* Flix */;
			targetProxy = 401E86FC251A737B00BD0BCC /* PBXContainerItemProxy */;
		};
		401E8708251A737B00BD0BCC /* PBXTargetDependency */ = {
			isa = PBXTargetDependency;
			target = 401E86E6251A737A00BD0BCC /* Flix */;
			targetProxy = 401E8707251A737B00BD0BCC /* PBXContainerItemProxy */;
		};
/* End PBXTargetDependency section */

/* Begin PBXVariantGroup section */
		401E86EE251A737A00BD0BCC /* Main.storyboard */ = {
			isa = PBXVariantGroup;
			children = (
				401E86EF251A737A00BD0BCC /* Base */,
			);
			name = Main.storyboard;
			sourceTree = "<group>";
		};
		401E86F3251A737A00BD0BCC /* LaunchScreen.storyboard */ = {
			isa = PBXVariantGroup;
			children = (
				401E86F4251A737A00BD0BCC /* Base */,
			);
			name = LaunchScreen.storyboard;
			sourceTree = "<group>";
		};
/* End PBXVariantGroup section */

/* Begin XCBuildConfiguration section */
		401E870D251A737B00BD0BCC /* Debug */ = {
			isa = XCBuildConfiguration;
			buildSettings = {
				ALWAYS_SEARCH_USER_PATHS = NO;
				CLANG_ANALYZER_NONNULL = YES;
				CLANG_ANALYZER_NUMBER_OBJECT_CONVERSION = YES_AGGRESSIVE;
				CLANG_CXX_LANGUAGE_STANDARD = "gnu++14";
				CLANG_CXX_LIBRARY = "libc++";
				CLANG_ENABLE_MODULES = YES;
				CLANG_ENABLE_OBJC_ARC = YES;
				CLANG_WARN_BLOCK_CAPTURE_AUTORELEASING = YES;
				CLANG_WARN_BOOL_CONVERSION = YES;
				CLANG_WARN_COMMA = YES;
				CLANG_WARN_CONSTANT_CONVERSION = YES;
				CLANG_WARN_DIRECT_OBJC_ISA_USAGE = YES_ERROR;
				CLANG_WARN_DOCUMENTATION_COMMENTS = YES;
				CLANG_WARN_EMPTY_BODY = YES;
				CLANG_WARN_ENUM_CONVERSION = YES;
				CLANG_WARN_INFINITE_RECURSION = YES;
				CLANG_WARN_INT_CONVERSION = YES;
				CLANG_WARN_NON_LITERAL_NULL_CONVERSION = YES;
				CLANG_WARN_OBJC_LITERAL_CONVERSION = YES;
				CLANG_WARN_OBJC_ROOT_CLASS = YES_ERROR;
				CLANG_WARN_RANGE_LOOP_ANALYSIS = YES;
				CLANG_WARN_STRICT_PROTOTYPES = YES;
				CLANG_WARN_SUSPICIOUS_MOVE = YES;
				CLANG_WARN_UNGUARDED_AVAILABILITY = YES_AGGRESSIVE;
				CLANG_WARN_UNREACHABLE_CODE = YES;
				CLANG_WARN__DUPLICATE_METHOD_MATCH = YES;
				CODE_SIGN_IDENTITY = "iPhone Developer";
				COPY_PHASE_STRIP = NO;
				DEBUG_INFORMATION_FORMAT = dwarf;
				ENABLE_STRICT_OBJC_MSGSEND = YES;
				ENABLE_TESTABILITY = YES;
				GCC_C_LANGUAGE_STANDARD = gnu11;
				GCC_DYNAMIC_NO_PIC = NO;
				GCC_NO_COMMON_BLOCKS = YES;
				GCC_OPTIMIZATION_LEVEL = 0;
				GCC_PREPROCESSOR_DEFINITIONS = (
					"DEBUG=1",
					"$(inherited)",
				);
				GCC_WARN_64_TO_32_BIT_CONVERSION = YES;
				GCC_WARN_ABOUT_RETURN_TYPE = YES_ERROR;
				GCC_WARN_UNDECLARED_SELECTOR = YES;
				GCC_WARN_UNINITIALIZED_AUTOS = YES_AGGRESSIVE;
				GCC_WARN_UNUSED_FUNCTION = YES;
				GCC_WARN_UNUSED_VARIABLE = YES;
				IPHONEOS_DEPLOYMENT_TARGET = 11.2;
				MTL_ENABLE_DEBUG_INFO = YES;
				ONLY_ACTIVE_ARCH = YES;
				SDKROOT = iphoneos;
				SWIFT_ACTIVE_COMPILATION_CONDITIONS = DEBUG;
				SWIFT_OPTIMIZATION_LEVEL = "-Onone";
			};
			name = Debug;
		};
		401E870E251A737B00BD0BCC /* Release */ = {
			isa = XCBuildConfiguration;
			buildSettings = {
				ALWAYS_SEARCH_USER_PATHS = NO;
				CLANG_ANALYZER_NONNULL = YES;
				CLANG_ANALYZER_NUMBER_OBJECT_CONVERSION = YES_AGGRESSIVE;
				CLANG_CXX_LANGUAGE_STANDARD = "gnu++14";
				CLANG_CXX_LIBRARY = "libc++";
				CLANG_ENABLE_MODULES = YES;
				CLANG_ENABLE_OBJC_ARC = YES;
				CLANG_WARN_BLOCK_CAPTURE_AUTORELEASING = YES;
				CLANG_WARN_BOOL_CONVERSION = YES;
				CLANG_WARN_COMMA = YES;
				CLANG_WARN_CONSTANT_CONVERSION = YES;
				CLANG_WARN_DIRECT_OBJC_ISA_USAGE = YES_ERROR;
				CLANG_WARN_DOCUMENTATION_COMMENTS = YES;
				CLANG_WARN_EMPTY_BODY = YES;
				CLANG_WARN_ENUM_CONVERSION = YES;
				CLANG_WARN_INFINITE_RECURSION = YES;
				CLANG_WARN_INT_CONVERSION = YES;
				CLANG_WARN_NON_LITERAL_NULL_CONVERSION = YES;
				CLANG_WARN_OBJC_LITERAL_CONVERSION = YES;
				CLANG_WARN_OBJC_ROOT_CLASS = YES_ERROR;
				CLANG_WARN_RANGE_LOOP_ANALYSIS = YES;
				CLANG_WARN_STRICT_PROTOTYPES = YES;
				CLANG_WARN_SUSPICIOUS_MOVE = YES;
				CLANG_WARN_UNGUARDED_AVAILABILITY = YES_AGGRESSIVE;
				CLANG_WARN_UNREACHABLE_CODE = YES;
				CLANG_WARN__DUPLICATE_METHOD_MATCH = YES;
				CODE_SIGN_IDENTITY = "iPhone Developer";
				COPY_PHASE_STRIP = NO;
				DEBUG_INFORMATION_FORMAT = "dwarf-with-dsym";
				ENABLE_NS_ASSERTIONS = NO;
				ENABLE_STRICT_OBJC_MSGSEND = YES;
				GCC_C_LANGUAGE_STANDARD = gnu11;
				GCC_NO_COMMON_BLOCKS = YES;
				GCC_WARN_64_TO_32_BIT_CONVERSION = YES;
				GCC_WARN_ABOUT_RETURN_TYPE = YES_ERROR;
				GCC_WARN_UNDECLARED_SELECTOR = YES;
				GCC_WARN_UNINITIALIZED_AUTOS = YES_AGGRESSIVE;
				GCC_WARN_UNUSED_FUNCTION = YES;
				GCC_WARN_UNUSED_VARIABLE = YES;
				IPHONEOS_DEPLOYMENT_TARGET = 11.2;
				MTL_ENABLE_DEBUG_INFO = NO;
				SDKROOT = iphoneos;
				SWIFT_OPTIMIZATION_LEVEL = "-Owholemodule";
				VALIDATE_PRODUCT = YES;
			};
			name = Release;
		};
		401E8710251A737B00BD0BCC /* Debug */ = {
			isa = XCBuildConfiguration;
			baseConfigurationReference = 2DF2A03BAC0840134560FB64 /* Pods-Flix.debug.xcconfig */;
			buildSettings = {
				ASSETCATALOG_COMPILER_APPICON_NAME = AppIcon;
				CODE_SIGN_STYLE = Automatic;
				INFOPLIST_FILE = Flix/Info.plist;
				LD_RUNPATH_SEARCH_PATHS = "$(inherited) @executable_path/Frameworks";
				PRODUCT_BUNDLE_IDENTIFIER = com.nickn.Flix;
				PRODUCT_NAME = "$(TARGET_NAME)";
				SWIFT_VERSION = 4.0;
				TARGETED_DEVICE_FAMILY = "1,2";
			};
			name = Debug;
		};
		401E8711251A737B00BD0BCC /* Release */ = {
			isa = XCBuildConfiguration;
			baseConfigurationReference = 50BAA015978CED2C399B51C2 /* Pods-Flix.release.xcconfig */;
			buildSettings = {
				ASSETCATALOG_COMPILER_APPICON_NAME = AppIcon;
				CODE_SIGN_STYLE = Automatic;
				INFOPLIST_FILE = Flix/Info.plist;
				LD_RUNPATH_SEARCH_PATHS = "$(inherited) @executable_path/Frameworks";
				PRODUCT_BUNDLE_IDENTIFIER = com.nickn.Flix;
				PRODUCT_NAME = "$(TARGET_NAME)";
				SWIFT_VERSION = 4.0;
				TARGETED_DEVICE_FAMILY = "1,2";
			};
			name = Release;
		};
		401E8713251A737B00BD0BCC /* Debug */ = {
			isa = XCBuildConfiguration;
			baseConfigurationReference = A724C73A4EAB032C4E2424A5 /* Pods-FlixTests.debug.xcconfig */;
			buildSettings = {
				ALWAYS_EMBED_SWIFT_STANDARD_LIBRARIES = YES;
				BUNDLE_LOADER = "$(TEST_HOST)";
				CODE_SIGN_STYLE = Automatic;
				INFOPLIST_FILE = FlixTests/Info.plist;
				LD_RUNPATH_SEARCH_PATHS = "$(inherited) @executable_path/Frameworks @loader_path/Frameworks";
				PRODUCT_BUNDLE_IDENTIFIER = com.nickn.FlixTests;
				PRODUCT_NAME = "$(TARGET_NAME)";
				SWIFT_VERSION = 4.0;
				TARGETED_DEVICE_FAMILY = "1,2";
				TEST_HOST = "$(BUILT_PRODUCTS_DIR)/Flix.app/Flix";
			};
			name = Debug;
		};
		401E8714251A737B00BD0BCC /* Release */ = {
			isa = XCBuildConfiguration;
			baseConfigurationReference = 1DF344977DE3B95C257E2280 /* Pods-FlixTests.release.xcconfig */;
			buildSettings = {
				ALWAYS_EMBED_SWIFT_STANDARD_LIBRARIES = YES;
				BUNDLE_LOADER = "$(TEST_HOST)";
				CODE_SIGN_STYLE = Automatic;
				INFOPLIST_FILE = FlixTests/Info.plist;
				LD_RUNPATH_SEARCH_PATHS = "$(inherited) @executable_path/Frameworks @loader_path/Frameworks";
				PRODUCT_BUNDLE_IDENTIFIER = com.nickn.FlixTests;
				PRODUCT_NAME = "$(TARGET_NAME)";
				SWIFT_VERSION = 4.0;
				TARGETED_DEVICE_FAMILY = "1,2";
				TEST_HOST = "$(BUILT_PRODUCTS_DIR)/Flix.app/Flix";
			};
			name = Release;
		};
		401E8716251A737B00BD0BCC /* Debug */ = {
			isa = XCBuildConfiguration;
			baseConfigurationReference = 5B0327E8753FEC65E8EB0C82 /* Pods-Flix-FlixUITests.debug.xcconfig */;
			buildSettings = {
				ALWAYS_EMBED_SWIFT_STANDARD_LIBRARIES = YES;
				CODE_SIGN_STYLE = Automatic;
				INFOPLIST_FILE = FlixUITests/Info.plist;
				LD_RUNPATH_SEARCH_PATHS = "$(inherited) @executable_path/Frameworks @loader_path/Frameworks";
				PRODUCT_BUNDLE_IDENTIFIER = com.nickn.FlixUITests;
				PRODUCT_NAME = "$(TARGET_NAME)";
				SWIFT_VERSION = 4.0;
				TARGETED_DEVICE_FAMILY = "1,2";
				TEST_TARGET_NAME = Flix;
			};
			name = Debug;
		};
		401E8717251A737B00BD0BCC /* Release */ = {
			isa = XCBuildConfiguration;
			baseConfigurationReference = BB4F5DD1C5962D69C6B3D23D /* Pods-Flix-FlixUITests.release.xcconfig */;
			buildSettings = {
				ALWAYS_EMBED_SWIFT_STANDARD_LIBRARIES = YES;
				CODE_SIGN_STYLE = Automatic;
				INFOPLIST_FILE = FlixUITests/Info.plist;
				LD_RUNPATH_SEARCH_PATHS = "$(inherited) @executable_path/Frameworks @loader_path/Frameworks";
				PRODUCT_BUNDLE_IDENTIFIER = com.nickn.FlixUITests;
				PRODUCT_NAME = "$(TARGET_NAME)";
				SWIFT_VERSION = 4.0;
				TARGETED_DEVICE_FAMILY = "1,2";
				TEST_TARGET_NAME = Flix;
			};
			name = Release;
		};
/* End XCBuildConfiguration section */

/* Begin XCConfigurationList section */
		401E86E2251A737900BD0BCC /* Build configuration list for PBXProject "Flix" */ = {
			isa = XCConfigurationList;
			buildConfigurations = (
				401E870D251A737B00BD0BCC /* Debug */,
				401E870E251A737B00BD0BCC /* Release */,
			);
			defaultConfigurationIsVisible = 0;
			defaultConfigurationName = Release;
		};
		401E870F251A737B00BD0BCC /* Build configuration list for PBXNativeTarget "Flix" */ = {
			isa = XCConfigurationList;
			buildConfigurations = (
				401E8710251A737B00BD0BCC /* Debug */,
				401E8711251A737B00BD0BCC /* Release */,
			);
			defaultConfigurationIsVisible = 0;
			defaultConfigurationName = Release;
		};
		401E8712251A737B00BD0BCC /* Build configuration list for PBXNativeTarget "FlixTests" */ = {
			isa = XCConfigurationList;
			buildConfigurations = (
				401E8713251A737B00BD0BCC /* Debug */,
				401E8714251A737B00BD0BCC /* Release */,
			);
			defaultConfigurationIsVisible = 0;
			defaultConfigurationName = Release;
		};
		401E8715251A737B00BD0BCC /* Build configuration list for PBXNativeTarget "FlixUITests" */ = {
			isa = XCConfigurationList;
			buildConfigurations = (
				401E8716251A737B00BD0BCC /* Debug */,
				401E8717251A737B00BD0BCC /* Release */,
			);
			defaultConfigurationIsVisible = 0;
			defaultConfigurationName = Release;
		};
/* End XCConfigurationList section */
	};
	rootObject = 401E86DF251A737900BD0BCC /* Project object */;
}
